// !$*UTF8*$!
{
	archiveVersion = 1;
	classes = {
	};
	objectVersion = 46;
	objects = {

/* Begin PBXBuildFile section */
		6060CF5A1BD1D12C0094F010 /* AppDelegate.swift in Sources */ = {isa = PBXBuildFile; fileRef = 6060CF591BD1D12C0094F010 /* AppDelegate.swift */; };
		6060CF5C1BD1D12C0094F010 /* ViewController.swift in Sources */ = {isa = PBXBuildFile; fileRef = 6060CF5B1BD1D12C0094F010 /* ViewController.swift */; };
		6060CF5F1BD1D12C0094F010 /* Main.storyboard in Resources */ = {isa = PBXBuildFile; fileRef = 6060CF5D1BD1D12C0094F010 /* Main.storyboard */; };
		6060CF611BD1D12C0094F010 /* Assets.xcassets in Resources */ = {isa = PBXBuildFile; fileRef = 6060CF601BD1D12C0094F010 /* Assets.xcassets */; };
		6060CF641BD1D12C0094F010 /* LaunchScreen.storyboard in Resources */ = {isa = PBXBuildFile; fileRef = 6060CF621BD1D12C0094F010 /* LaunchScreen.storyboard */; };
		6060CF6F1BD1D12C0094F010 /* ArxivRecommenderSystemTests.swift in Sources */ = {isa = PBXBuildFile; fileRef = 6060CF6E1BD1D12C0094F010 /* ArxivRecommenderSystemTests.swift */; };
		6060CF7A1BD1D12C0094F010 /* ArxivRecommenderSystemUITests.swift in Sources */ = {isa = PBXBuildFile; fileRef = 6060CF791BD1D12C0094F010 /* ArxivRecommenderSystemUITests.swift */; };
		6060CF891BD1D2630094F010 /* Bolts.framework in Frameworks */ = {isa = PBXBuildFile; fileRef = 6060CF871BD1D2630094F010 /* Bolts.framework */; settings = {ASSET_TAGS = (); }; };
		6060CF8A1BD1D2630094F010 /* Parse.framework in Frameworks */ = {isa = PBXBuildFile; fileRef = 6060CF881BD1D2630094F010 /* Parse.framework */; settings = {ASSET_TAGS = (); }; };
		6060CF941BD1D3AB0094F010 /* AudioToolbox.framework in Frameworks */ = {isa = PBXBuildFile; fileRef = 6060CF8C1BD1D3AB0094F010 /* AudioToolbox.framework */; };
		6060CF951BD1D3AB0094F010 /* CFNetwork.framework in Frameworks */ = {isa = PBXBuildFile; fileRef = 6060CF8D1BD1D3AB0094F010 /* CFNetwork.framework */; };
		6060CF961BD1D3AB0094F010 /* CoreGraphics.framework in Frameworks */ = {isa = PBXBuildFile; fileRef = 6060CF8E1BD1D3AB0094F010 /* CoreGraphics.framework */; };
		6060CF971BD1D3AB0094F010 /* CoreLocation.framework in Frameworks */ = {isa = PBXBuildFile; fileRef = 6060CF8F1BD1D3AB0094F010 /* CoreLocation.framework */; };
		6060CF981BD1D3AB0094F010 /* QuartzCore.framework in Frameworks */ = {isa = PBXBuildFile; fileRef = 6060CF901BD1D3AB0094F010 /* QuartzCore.framework */; };
		6060CF991BD1D3AB0094F010 /* Security.framework in Frameworks */ = {isa = PBXBuildFile; fileRef = 6060CF911BD1D3AB0094F010 /* Security.framework */; };
		6060CF9A1BD1D3AB0094F010 /* StoreKit.framework in Frameworks */ = {isa = PBXBuildFile; fileRef = 6060CF921BD1D3AB0094F010 /* StoreKit.framework */; };
		6060CF9B1BD1D3AB0094F010 /* SystemConfiguration.framework in Frameworks */ = {isa = PBXBuildFile; fileRef = 6060CF931BD1D3AB0094F010 /* SystemConfiguration.framework */; };
		6060CF9D1BD1D3BE0094F010 /* libz.tbd in Frameworks */ = {isa = PBXBuildFile; fileRef = 6060CF9C1BD1D3BE0094F010 /* libz.tbd */; };
		6060CF9F1BD1D3C80094F010 /* libsqlite3.tbd in Frameworks */ = {isa = PBXBuildFile; fileRef = 6060CF9E1BD1D3C80094F010 /* libsqlite3.tbd */; };
		60C3B86D1BD206A10014AC18 /* UserModel.swift in Sources */ = {isa = PBXBuildFile; fileRef = 60C3B86C1BD206A10014AC18 /* UserModel.swift */; settings = {ASSET_TAGS = (); }; };
		60C3B86F1BD2099C0014AC18 /* PaperModel.swift in Sources */ = {isa = PBXBuildFile; fileRef = 60C3B86E1BD2099C0014AC18 /* PaperModel.swift */; settings = {ASSET_TAGS = (); }; };
		60C3B8711BD20A9C0014AC18 /* TagModel.swift in Sources */ = {isa = PBXBuildFile; fileRef = 60C3B8701BD20A9C0014AC18 /* TagModel.swift */; settings = {ASSET_TAGS = (); }; };
		60C3B8731BD20BAE0014AC18 /* ParseDAODelegate.swift in Sources */ = {isa = PBXBuildFile; fileRef = 60C3B8721BD20BAE0014AC18 /* ParseDAODelegate.swift */; settings = {ASSET_TAGS = (); }; };
		60C3B8751BD20CA90014AC18 /* LateralDAODelegate.swift in Sources */ = {isa = PBXBuildFile; fileRef = 60C3B8741BD20CA90014AC18 /* LateralDAODelegate.swift */; settings = {ASSET_TAGS = (); }; };
		60C3B8781BD20D850014AC18 /* UserDAO.swift in Sources */ = {isa = PBXBuildFile; fileRef = 60C3B8771BD20D850014AC18 /* UserDAO.swift */; settings = {ASSET_TAGS = (); }; };
		60C3B87A1BD20E2B0014AC18 /* PaperDAO.swift in Sources */ = {isa = PBXBuildFile; fileRef = 60C3B8791BD20E2B0014AC18 /* PaperDAO.swift */; settings = {ASSET_TAGS = (); }; };
		60C3B87C1BD20F1A0014AC18 /* TagDAO.swift in Sources */ = {isa = PBXBuildFile; fileRef = 60C3B87B1BD20F1A0014AC18 /* TagDAO.swift */; settings = {ASSET_TAGS = (); }; };
		60C3B8811BD2BCFF0014AC18 /* const.swift in Sources */ = {isa = PBXBuildFile; fileRef = 60C3B8801BD2BCFF0014AC18 /* const.swift */; settings = {ASSET_TAGS = (); }; };
		60C3B8871BD303110014AC18 /* LoginViewController.swift in Sources */ = {isa = PBXBuildFile; fileRef = 60C3B8861BD303110014AC18 /* LoginViewController.swift */; settings = {ASSET_TAGS = (); }; };
		60C3B8891BD330080014AC18 /* RegisterViewController.swift in Sources */ = {isa = PBXBuildFile; fileRef = 60C3B8881BD330080014AC18 /* RegisterViewController.swift */; settings = {ASSET_TAGS = (); }; };
		60C3B88B1BD33B0F0014AC18 /* PaperDAODelegate.swift in Sources */ = {isa = PBXBuildFile; fileRef = 60C3B88A1BD33B0F0014AC18 /* PaperDAODelegate.swift */; settings = {ASSET_TAGS = (); }; };
		60C3B88D1BD33B1F0014AC18 /* TagDAODelegate.swift in Sources */ = {isa = PBXBuildFile; fileRef = 60C3B88C1BD33B1F0014AC18 /* TagDAODelegate.swift */; settings = {ASSET_TAGS = (); }; };
		60C3B88F1BD33B2D0014AC18 /* UserDAODelegate.swift in Sources */ = {isa = PBXBuildFile; fileRef = 60C3B88E1BD33B2D0014AC18 /* UserDAODelegate.swift */; settings = {ASSET_TAGS = (); }; };
		60C3B8971BD33D1C0014AC18 /* UserBL.swift in Sources */ = {isa = PBXBuildFile; fileRef = 60C3B8961BD33D1C0014AC18 /* UserBL.swift */; settings = {ASSET_TAGS = (); }; };
		60C3B8991BD33D270014AC18 /* PaperBL.swift in Sources */ = {isa = PBXBuildFile; fileRef = 60C3B8981BD33D270014AC18 /* PaperBL.swift */; settings = {ASSET_TAGS = (); }; };
		60C3B89B1BD33D320014AC18 /* TagBL.swift in Sources */ = {isa = PBXBuildFile; fileRef = 60C3B89A1BD33D320014AC18 /* TagBL.swift */; settings = {ASSET_TAGS = (); }; };
		FAA4F01A1B3868D6B141B5CE /* Pods.framework in Frameworks */ = {isa = PBXBuildFile; fileRef = 8BAB919951E3D4EA70CBA1E3 /* Pods.framework */; };
/* End PBXBuildFile section */

/* Begin PBXContainerItemProxy section */
		6060CF6B1BD1D12C0094F010 /* PBXContainerItemProxy */ = {
			isa = PBXContainerItemProxy;
			containerPortal = 6060CF4E1BD1D12C0094F010 /* Project object */;
			proxyType = 1;
			remoteGlobalIDString = 6060CF551BD1D12C0094F010;
			remoteInfo = ArxivRecommenderSystem;
		};
		6060CF761BD1D12C0094F010 /* PBXContainerItemProxy */ = {
			isa = PBXContainerItemProxy;
			containerPortal = 6060CF4E1BD1D12C0094F010 /* Project object */;
			proxyType = 1;
			remoteGlobalIDString = 6060CF551BD1D12C0094F010;
			remoteInfo = ArxivRecommenderSystem;
		};
/* End PBXContainerItemProxy section */

/* Begin PBXFileReference section */
		6060CF561BD1D12C0094F010 /* ArxivRecommenderSystem.app */ = {isa = PBXFileReference; explicitFileType = wrapper.application; includeInIndex = 0; path = ArxivRecommenderSystem.app; sourceTree = BUILT_PRODUCTS_DIR; };
		6060CF591BD1D12C0094F010 /* AppDelegate.swift */ = {isa = PBXFileReference; lastKnownFileType = sourcecode.swift; path = AppDelegate.swift; sourceTree = "<group>"; };
		6060CF5B1BD1D12C0094F010 /* ViewController.swift */ = {isa = PBXFileReference; lastKnownFileType = sourcecode.swift; path = ViewController.swift; sourceTree = "<group>"; };
		6060CF5E1BD1D12C0094F010 /* Base */ = {isa = PBXFileReference; lastKnownFileType = file.storyboard; name = Base; path = Base.lproj/Main.storyboard; sourceTree = "<group>"; };
		6060CF601BD1D12C0094F010 /* Assets.xcassets */ = {isa = PBXFileReference; lastKnownFileType = folder.assetcatalog; path = Assets.xcassets; sourceTree = "<group>"; };
		6060CF631BD1D12C0094F010 /* Base */ = {isa = PBXFileReference; lastKnownFileType = file.storyboard; name = Base; path = Base.lproj/LaunchScreen.storyboard; sourceTree = "<group>"; };
		6060CF651BD1D12C0094F010 /* Info.plist */ = {isa = PBXFileReference; lastKnownFileType = text.plist.xml; path = Info.plist; sourceTree = "<group>"; };
		6060CF6A1BD1D12C0094F010 /* ArxivRecommenderSystemTests.xctest */ = {isa = PBXFileReference; explicitFileType = wrapper.cfbundle; includeInIndex = 0; path = ArxivRecommenderSystemTests.xctest; sourceTree = BUILT_PRODUCTS_DIR; };
		6060CF6E1BD1D12C0094F010 /* ArxivRecommenderSystemTests.swift */ = {isa = PBXFileReference; lastKnownFileType = sourcecode.swift; path = ArxivRecommenderSystemTests.swift; sourceTree = "<group>"; };
		6060CF701BD1D12C0094F010 /* Info.plist */ = {isa = PBXFileReference; lastKnownFileType = text.plist.xml; path = Info.plist; sourceTree = "<group>"; };
		6060CF751BD1D12C0094F010 /* ArxivRecommenderSystemUITests.xctest */ = {isa = PBXFileReference; explicitFileType = wrapper.cfbundle; includeInIndex = 0; path = ArxivRecommenderSystemUITests.xctest; sourceTree = BUILT_PRODUCTS_DIR; };
		6060CF791BD1D12C0094F010 /* ArxivRecommenderSystemUITests.swift */ = {isa = PBXFileReference; lastKnownFileType = sourcecode.swift; path = ArxivRecommenderSystemUITests.swift; sourceTree = "<group>"; };
		6060CF7B1BD1D12C0094F010 /* Info.plist */ = {isa = PBXFileReference; lastKnownFileType = text.plist.xml; path = Info.plist; sourceTree = "<group>"; };
		6060CF871BD1D2630094F010 /* Bolts.framework */ = {isa = PBXFileReference; lastKnownFileType = wrapper.framework; path = Bolts.framework; sourceTree = "<group>"; };
		6060CF881BD1D2630094F010 /* Parse.framework */ = {isa = PBXFileReference; lastKnownFileType = wrapper.framework; path = Parse.framework; sourceTree = "<group>"; };
		6060CF8C1BD1D3AB0094F010 /* AudioToolbox.framework */ = {isa = PBXFileReference; lastKnownFileType = wrapper.framework; name = AudioToolbox.framework; path = System/Library/Frameworks/AudioToolbox.framework; sourceTree = SDKROOT; };
		6060CF8D1BD1D3AB0094F010 /* CFNetwork.framework */ = {isa = PBXFileReference; lastKnownFileType = wrapper.framework; name = CFNetwork.framework; path = System/Library/Frameworks/CFNetwork.framework; sourceTree = SDKROOT; };
		6060CF8E1BD1D3AB0094F010 /* CoreGraphics.framework */ = {isa = PBXFileReference; lastKnownFileType = wrapper.framework; name = CoreGraphics.framework; path = System/Library/Frameworks/CoreGraphics.framework; sourceTree = SDKROOT; };
		6060CF8F1BD1D3AB0094F010 /* CoreLocation.framework */ = {isa = PBXFileReference; lastKnownFileType = wrapper.framework; name = CoreLocation.framework; path = System/Library/Frameworks/CoreLocation.framework; sourceTree = SDKROOT; };
		6060CF901BD1D3AB0094F010 /* QuartzCore.framework */ = {isa = PBXFileReference; lastKnownFileType = wrapper.framework; name = QuartzCore.framework; path = System/Library/Frameworks/QuartzCore.framework; sourceTree = SDKROOT; };
		6060CF911BD1D3AB0094F010 /* Security.framework */ = {isa = PBXFileReference; lastKnownFileType = wrapper.framework; name = Security.framework; path = System/Library/Frameworks/Security.framework; sourceTree = SDKROOT; };
		6060CF921BD1D3AB0094F010 /* StoreKit.framework */ = {isa = PBXFileReference; lastKnownFileType = wrapper.framework; name = StoreKit.framework; path = System/Library/Frameworks/StoreKit.framework; sourceTree = SDKROOT; };
		6060CF931BD1D3AB0094F010 /* SystemConfiguration.framework */ = {isa = PBXFileReference; lastKnownFileType = wrapper.framework; name = SystemConfiguration.framework; path = System/Library/Frameworks/SystemConfiguration.framework; sourceTree = SDKROOT; };
		6060CF9C1BD1D3BE0094F010 /* libz.tbd */ = {isa = PBXFileReference; lastKnownFileType = "sourcecode.text-based-dylib-definition"; name = libz.tbd; path = usr/lib/libz.tbd; sourceTree = SDKROOT; };
		6060CF9E1BD1D3C80094F010 /* libsqlite3.tbd */ = {isa = PBXFileReference; lastKnownFileType = "sourcecode.text-based-dylib-definition"; name = libsqlite3.tbd; path = usr/lib/libsqlite3.tbd; sourceTree = SDKROOT; };
		60C3B86C1BD206A10014AC18 /* UserModel.swift */ = {isa = PBXFileReference; fileEncoding = 4; lastKnownFileType = sourcecode.swift; path = UserModel.swift; sourceTree = "<group>"; };
		60C3B86E1BD2099C0014AC18 /* PaperModel.swift */ = {isa = PBXFileReference; fileEncoding = 4; lastKnownFileType = sourcecode.swift; path = PaperModel.swift; sourceTree = "<group>"; };
		60C3B8701BD20A9C0014AC18 /* TagModel.swift */ = {isa = PBXFileReference; fileEncoding = 4; lastKnownFileType = sourcecode.swift; path = TagModel.swift; sourceTree = "<group>"; };
		60C3B8721BD20BAE0014AC18 /* ParseDAODelegate.swift */ = {isa = PBXFileReference; fileEncoding = 4; lastKnownFileType = sourcecode.swift; path = ParseDAODelegate.swift; sourceTree = "<group>"; };
		60C3B8741BD20CA90014AC18 /* LateralDAODelegate.swift */ = {isa = PBXFileReference; fileEncoding = 4; lastKnownFileType = sourcecode.swift; path = LateralDAODelegate.swift; sourceTree = "<group>"; };
		60C3B8771BD20D850014AC18 /* UserDAO.swift */ = {isa = PBXFileReference; fileEncoding = 4; lastKnownFileType = sourcecode.swift; path = UserDAO.swift; sourceTree = "<group>"; };
		60C3B8791BD20E2B0014AC18 /* PaperDAO.swift */ = {isa = PBXFileReference; fileEncoding = 4; lastKnownFileType = sourcecode.swift; path = PaperDAO.swift; sourceTree = "<group>"; };
		60C3B87B1BD20F1A0014AC18 /* TagDAO.swift */ = {isa = PBXFileReference; fileEncoding = 4; lastKnownFileType = sourcecode.swift; path = TagDAO.swift; sourceTree = "<group>"; };
		60C3B8801BD2BCFF0014AC18 /* const.swift */ = {isa = PBXFileReference; fileEncoding = 4; lastKnownFileType = sourcecode.swift; path = const.swift; sourceTree = "<group>"; };
		60C3B8861BD303110014AC18 /* LoginViewController.swift */ = {isa = PBXFileReference; fileEncoding = 4; lastKnownFileType = sourcecode.swift; path = LoginViewController.swift; sourceTree = "<group>"; };
		60C3B8881BD330080014AC18 /* RegisterViewController.swift */ = {isa = PBXFileReference; fileEncoding = 4; lastKnownFileType = sourcecode.swift; path = RegisterViewController.swift; sourceTree = "<group>"; };
		60C3B88A1BD33B0F0014AC18 /* PaperDAODelegate.swift */ = {isa = PBXFileReference; fileEncoding = 4; lastKnownFileType = sourcecode.swift; path = PaperDAODelegate.swift; sourceTree = "<group>"; };
		60C3B88C1BD33B1F0014AC18 /* TagDAODelegate.swift */ = {isa = PBXFileReference; fileEncoding = 4; lastKnownFileType = sourcecode.swift; path = TagDAODelegate.swift; sourceTree = "<group>"; };
		60C3B88E1BD33B2D0014AC18 /* UserDAODelegate.swift */ = {isa = PBXFileReference; fileEncoding = 4; lastKnownFileType = sourcecode.swift; path = UserDAODelegate.swift; sourceTree = "<group>"; };
		60C3B8961BD33D1C0014AC18 /* UserBL.swift */ = {isa = PBXFileReference; fileEncoding = 4; lastKnownFileType = sourcecode.swift; path = UserBL.swift; sourceTree = "<group>"; };
		60C3B8981BD33D270014AC18 /* PaperBL.swift */ = {isa = PBXFileReference; fileEncoding = 4; lastKnownFileType = sourcecode.swift; path = PaperBL.swift; sourceTree = "<group>"; };
		60C3B89A1BD33D320014AC18 /* TagBL.swift */ = {isa = PBXFileReference; fileEncoding = 4; lastKnownFileType = sourcecode.swift; path = TagBL.swift; sourceTree = "<group>"; };
		6D745C9F8EEE93B7F58C1579 /* Pods.debug.xcconfig */ = {isa = PBXFileReference; includeInIndex = 1; lastKnownFileType = text.xcconfig; name = Pods.debug.xcconfig; path = "Pods/Target Support Files/Pods/Pods.debug.xcconfig"; sourceTree = "<group>"; };
		8BAB919951E3D4EA70CBA1E3 /* Pods.framework */ = {isa = PBXFileReference; explicitFileType = wrapper.framework; includeInIndex = 0; path = Pods.framework; sourceTree = BUILT_PRODUCTS_DIR; };
		BF7711B9711CE2A1875BFF71 /* Pods.release.xcconfig */ = {isa = PBXFileReference; includeInIndex = 1; lastKnownFileType = text.xcconfig; name = Pods.release.xcconfig; path = "Pods/Target Support Files/Pods/Pods.release.xcconfig"; sourceTree = "<group>"; };
/* End PBXFileReference section */

/* Begin PBXFrameworksBuildPhase section */
		6060CF531BD1D12C0094F010 /* Frameworks */ = {
			isa = PBXFrameworksBuildPhase;
			buildActionMask = 2147483647;
			files = (
				6060CF9F1BD1D3C80094F010 /* libsqlite3.tbd in Frameworks */,
				6060CF9D1BD1D3BE0094F010 /* libz.tbd in Frameworks */,
				6060CF941BD1D3AB0094F010 /* AudioToolbox.framework in Frameworks */,
				6060CF951BD1D3AB0094F010 /* CFNetwork.framework in Frameworks */,
				6060CF961BD1D3AB0094F010 /* CoreGraphics.framework in Frameworks */,
				6060CF971BD1D3AB0094F010 /* CoreLocation.framework in Frameworks */,
				6060CF981BD1D3AB0094F010 /* QuartzCore.framework in Frameworks */,
				6060CF991BD1D3AB0094F010 /* Security.framework in Frameworks */,
				6060CF9A1BD1D3AB0094F010 /* StoreKit.framework in Frameworks */,
				6060CF9B1BD1D3AB0094F010 /* SystemConfiguration.framework in Frameworks */,
				6060CF8A1BD1D2630094F010 /* Parse.framework in Frameworks */,
				6060CF891BD1D2630094F010 /* Bolts.framework in Frameworks */,
				FAA4F01A1B3868D6B141B5CE /* Pods.framework in Frameworks */,
			);
			runOnlyForDeploymentPostprocessing = 0;
		};
		6060CF671BD1D12C0094F010 /* Frameworks */ = {
			isa = PBXFrameworksBuildPhase;
			buildActionMask = 2147483647;
			files = (
			);
			runOnlyForDeploymentPostprocessing = 0;
		};
		6060CF721BD1D12C0094F010 /* Frameworks */ = {
			isa = PBXFrameworksBuildPhase;
			buildActionMask = 2147483647;
			files = (
			);
			runOnlyForDeploymentPostprocessing = 0;
		};
/* End PBXFrameworksBuildPhase section */

/* Begin PBXGroup section */
		6060CF4D1BD1D12C0094F010 = {
			isa = PBXGroup;
			children = (
				6060CF581BD1D12C0094F010 /* ArxivRecommenderSystem */,
				6060CF6D1BD1D12C0094F010 /* ArxivRecommenderSystemTests */,
				6060CF781BD1D12C0094F010 /* ArxivRecommenderSystemUITests */,
				6060CF571BD1D12C0094F010 /* Products */,
				6FC1538C424301E275DC573C /* Pods */,
				BBB1BD011B93932432F50C1A /* Frameworks */,
			);
			sourceTree = "<group>";
		};
		6060CF571BD1D12C0094F010 /* Products */ = {
			isa = PBXGroup;
			children = (
				6060CF561BD1D12C0094F010 /* ArxivRecommenderSystem.app */,
				6060CF6A1BD1D12C0094F010 /* ArxivRecommenderSystemTests.xctest */,
				6060CF751BD1D12C0094F010 /* ArxivRecommenderSystemUITests.xctest */,
			);
			name = Products;
			sourceTree = "<group>";
		};
		6060CF581BD1D12C0094F010 /* ArxivRecommenderSystem */ = {
			isa = PBXGroup;
			children = (
				60C3B87D1BD2BCA20014AC18 /* Common */,
				60C3B8761BD20D6B0014AC18 /* Http */,
				60C3B8691BD206860014AC18 /* View */,
				60C3B8681BD206810014AC18 /* Protocol */,
				60C3B8671BD2067C0014AC18 /* Model */,
				6060CF5D1BD1D12C0094F010 /* Main.storyboard */,
				6060CF601BD1D12C0094F010 /* Assets.xcassets */,
				6060CF621BD1D12C0094F010 /* LaunchScreen.storyboard */,
				6060CF651BD1D12C0094F010 /* Info.plist */,
				6060CF8B1BD1D26A0094F010 /* Frameworks */,
			);
			path = ArxivRecommenderSystem;
			sourceTree = "<group>";
		};
		6060CF6D1BD1D12C0094F010 /* ArxivRecommenderSystemTests */ = {
			isa = PBXGroup;
			children = (
				6060CF6E1BD1D12C0094F010 /* ArxivRecommenderSystemTests.swift */,
				6060CF701BD1D12C0094F010 /* Info.plist */,
			);
			path = ArxivRecommenderSystemTests;
			sourceTree = "<group>";
		};
		6060CF781BD1D12C0094F010 /* ArxivRecommenderSystemUITests */ = {
			isa = PBXGroup;
			children = (
				6060CF791BD1D12C0094F010 /* ArxivRecommenderSystemUITests.swift */,
				6060CF7B1BD1D12C0094F010 /* Info.plist */,
			);
			path = ArxivRecommenderSystemUITests;
			sourceTree = "<group>";
		};
		6060CF8B1BD1D26A0094F010 /* Frameworks */ = {
			isa = PBXGroup;
			children = (
				6060CF9C1BD1D3BE0094F010 /* libz.tbd */,
				6060CF9E1BD1D3C80094F010 /* libsqlite3.tbd */,
				6060CF8C1BD1D3AB0094F010 /* AudioToolbox.framework */,
				6060CF8D1BD1D3AB0094F010 /* CFNetwork.framework */,
				6060CF8E1BD1D3AB0094F010 /* CoreGraphics.framework */,
				6060CF8F1BD1D3AB0094F010 /* CoreLocation.framework */,
				6060CF901BD1D3AB0094F010 /* QuartzCore.framework */,
				6060CF911BD1D3AB0094F010 /* Security.framework */,
				6060CF921BD1D3AB0094F010 /* StoreKit.framework */,
				6060CF931BD1D3AB0094F010 /* SystemConfiguration.framework */,
				6060CF881BD1D2630094F010 /* Parse.framework */,
				6060CF871BD1D2630094F010 /* Bolts.framework */,
			);
			name = Frameworks;
			sourceTree = "<group>";
		};
		60C3B8671BD2067C0014AC18 /* Model */ = {
			isa = PBXGroup;
			children = (
				60C3B86C1BD206A10014AC18 /* UserModel.swift */,
				60C3B86E1BD2099C0014AC18 /* PaperModel.swift */,
				60C3B8701BD20A9C0014AC18 /* TagModel.swift */,
			);
			name = Model;
			sourceTree = "<group>";
		};
		60C3B8681BD206810014AC18 /* Protocol */ = {
			isa = PBXGroup;
			children = (
				60C3B8911BD33C5E0014AC18 /* PL */,
				60C3B8931BD33C770014AC18 /* BL */,
			);
			name = Protocol;
			sourceTree = "<group>";
		};
		60C3B8691BD206860014AC18 /* View */ = {
			isa = PBXGroup;
			children = (
				6060CF5B1BD1D12C0094F010 /* ViewController.swift */,
				6060CF591BD1D12C0094F010 /* AppDelegate.swift */,
				60C3B8861BD303110014AC18 /* LoginViewController.swift */,
				60C3B8881BD330080014AC18 /* RegisterViewController.swift */,
			);
			name = View;
			sourceTree = "<group>";
		};
		60C3B8761BD20D6B0014AC18 /* Http */ = {
			isa = PBXGroup;
			children = (
				60C3B8951BD33CAA0014AC18 /* BL */,
				60C3B8941BD33CA40014AC18 /* PL */,
			);
			name = Http;
			sourceTree = "<group>";
		};
		60C3B87D1BD2BCA20014AC18 /* Common */ = {
			isa = PBXGroup;
			children = (
				60C3B8801BD2BCFF0014AC18 /* const.swift */,
			);
			name = Common;
			sourceTree = "<group>";
		};
		60C3B8911BD33C5E0014AC18 /* PL */ = {
			isa = PBXGroup;
			children = (
				60C3B8721BD20BAE0014AC18 /* ParseDAODelegate.swift */,
				60C3B8741BD20CA90014AC18 /* LateralDAODelegate.swift */,
			);
			name = PL;
			sourceTree = "<group>";
		};
		60C3B8931BD33C770014AC18 /* BL */ = {
			isa = PBXGroup;
			children = (
				60C3B88A1BD33B0F0014AC18 /* PaperDAODelegate.swift */,
				60C3B88C1BD33B1F0014AC18 /* TagDAODelegate.swift */,
				60C3B88E1BD33B2D0014AC18 /* UserDAODelegate.swift */,
			);
			name = BL;
			sourceTree = "<group>";
		};
		60C3B8941BD33CA40014AC18 /* PL */ = {
			isa = PBXGroup;
			children = (
				60C3B8771BD20D850014AC18 /* UserDAO.swift */,
				60C3B8791BD20E2B0014AC18 /* PaperDAO.swift */,
				60C3B87B1BD20F1A0014AC18 /* TagDAO.swift */,
			);
			name = PL;
			sourceTree = "<group>";
		};
		60C3B8951BD33CAA0014AC18 /* BL */ = {
			isa = PBXGroup;
			children = (
				60C3B8961BD33D1C0014AC18 /* UserBL.swift */,
				60C3B8981BD33D270014AC18 /* PaperBL.swift */,
				60C3B89A1BD33D320014AC18 /* TagBL.swift */,
			);
			name = BL;
			sourceTree = "<group>";
		};
		6FC1538C424301E275DC573C /* Pods */ = {
			isa = PBXGroup;
			children = (
				6D745C9F8EEE93B7F58C1579 /* Pods.debug.xcconfig */,
				BF7711B9711CE2A1875BFF71 /* Pods.release.xcconfig */,
			);
			name = Pods;
			sourceTree = "<group>";
		};
		BBB1BD011B93932432F50C1A /* Frameworks */ = {
			isa = PBXGroup;
			children = (
				8BAB919951E3D4EA70CBA1E3 /* Pods.framework */,
			);
			name = Frameworks;
			sourceTree = "<group>";
		};
/* End PBXGroup section */

/* Begin PBXNativeTarget section */
		6060CF551BD1D12C0094F010 /* ArxivRecommenderSystem */ = {
			isa = PBXNativeTarget;
			buildConfigurationList = 6060CF7E1BD1D12C0094F010 /* Build configuration list for PBXNativeTarget "ArxivRecommenderSystem" */;
			buildPhases = (
				90F184BF149B0399B6B20378 /* Check Pods Manifest.lock */,
				6060CF521BD1D12C0094F010 /* Sources */,
				6060CF531BD1D12C0094F010 /* Frameworks */,
				6060CF541BD1D12C0094F010 /* Resources */,
				247856934CDEBBAB74D701BB /* Embed Pods Frameworks */,
				A764414C5028E0FD7609249A /* Copy Pods Resources */,
			);
			buildRules = (
			);
			dependencies = (
			);
			name = ArxivRecommenderSystem;
			productName = ArxivRecommenderSystem;
			productReference = 6060CF561BD1D12C0094F010 /* ArxivRecommenderSystem.app */;
			productType = "com.apple.product-type.application";
		};
		6060CF691BD1D12C0094F010 /* ArxivRecommenderSystemTests */ = {
			isa = PBXNativeTarget;
			buildConfigurationList = 6060CF811BD1D12C0094F010 /* Build configuration list for PBXNativeTarget "ArxivRecommenderSystemTests" */;
			buildPhases = (
				6060CF661BD1D12C0094F010 /* Sources */,
				6060CF671BD1D12C0094F010 /* Frameworks */,
				6060CF681BD1D12C0094F010 /* Resources */,
			);
			buildRules = (
			);
			dependencies = (
				6060CF6C1BD1D12C0094F010 /* PBXTargetDependency */,
			);
			name = ArxivRecommenderSystemTests;
			productName = ArxivRecommenderSystemTests;
			productReference = 6060CF6A1BD1D12C0094F010 /* ArxivRecommenderSystemTests.xctest */;
			productType = "com.apple.product-type.bundle.unit-test";
		};
		6060CF741BD1D12C0094F010 /* ArxivRecommenderSystemUITests */ = {
			isa = PBXNativeTarget;
			buildConfigurationList = 6060CF841BD1D12C0094F010 /* Build configuration list for PBXNativeTarget "ArxivRecommenderSystemUITests" */;
			buildPhases = (
				6060CF711BD1D12C0094F010 /* Sources */,
				6060CF721BD1D12C0094F010 /* Frameworks */,
				6060CF731BD1D12C0094F010 /* Resources */,
			);
			buildRules = (
			);
			dependencies = (
				6060CF771BD1D12C0094F010 /* PBXTargetDependency */,
			);
			name = ArxivRecommenderSystemUITests;
			productName = ArxivRecommenderSystemUITests;
			productReference = 6060CF751BD1D12C0094F010 /* ArxivRecommenderSystemUITests.xctest */;
			productType = "com.apple.product-type.bundle.ui-testing";
		};
/* End PBXNativeTarget section */

/* Begin PBXProject section */
		6060CF4E1BD1D12C0094F010 /* Project object */ = {
			isa = PBXProject;
			attributes = {
				LastUpgradeCheck = 0700;
				ORGANIZATIONNAME = zhangjun;
				TargetAttributes = {
					6060CF551BD1D12C0094F010 = {
						CreatedOnToolsVersion = 7.0.1;
						DevelopmentTeam = 45NJ2HZ6U6;
					};
					6060CF691BD1D12C0094F010 = {
						CreatedOnToolsVersion = 7.0.1;
						DevelopmentTeam = 45NJ2HZ6U6;
						TestTargetID = 6060CF551BD1D12C0094F010;
					};
					6060CF741BD1D12C0094F010 = {
						CreatedOnToolsVersion = 7.0.1;
						DevelopmentTeam = 45NJ2HZ6U6;
						TestTargetID = 6060CF551BD1D12C0094F010;
					};
				};
			};
			buildConfigurationList = 6060CF511BD1D12C0094F010 /* Build configuration list for PBXProject "ArxivRecommenderSystem" */;
			compatibilityVersion = "Xcode 3.2";
			developmentRegion = English;
			hasScannedForEncodings = 0;
			knownRegions = (
				en,
				Base,
			);
			mainGroup = 6060CF4D1BD1D12C0094F010;
			productRefGroup = 6060CF571BD1D12C0094F010 /* Products */;
			projectDirPath = "";
			projectRoot = "";
			targets = (
				6060CF551BD1D12C0094F010 /* ArxivRecommenderSystem */,
				6060CF691BD1D12C0094F010 /* ArxivRecommenderSystemTests */,
				6060CF741BD1D12C0094F010 /* ArxivRecommenderSystemUITests */,
			);
		};
/* End PBXProject section */

/* Begin PBXResourcesBuildPhase section */
		6060CF541BD1D12C0094F010 /* Resources */ = {
			isa = PBXResourcesBuildPhase;
			buildActionMask = 2147483647;
			files = (
				6060CF641BD1D12C0094F010 /* LaunchScreen.storyboard in Resources */,
				6060CF611BD1D12C0094F010 /* Assets.xcassets in Resources */,
				6060CF5F1BD1D12C0094F010 /* Main.storyboard in Resources */,
			);
			runOnlyForDeploymentPostprocessing = 0;
		};
		6060CF681BD1D12C0094F010 /* Resources */ = {
			isa = PBXResourcesBuildPhase;
			buildActionMask = 2147483647;
			files = (
			);
			runOnlyForDeploymentPostprocessing = 0;
		};
		6060CF731BD1D12C0094F010 /* Resources */ = {
			isa = PBXResourcesBuildPhase;
			buildActionMask = 2147483647;
			files = (
			);
			runOnlyForDeploymentPostprocessing = 0;
		};
/* End PBXResourcesBuildPhase section */

/* Begin PBXShellScriptBuildPhase section */
		247856934CDEBBAB74D701BB /* Embed Pods Frameworks */ = {
			isa = PBXShellScriptBuildPhase;
			buildActionMask = 2147483647;
			files = (
			);
			inputPaths = (
			);
			name = "Embed Pods Frameworks";
			outputPaths = (
			);
			runOnlyForDeploymentPostprocessing = 0;
			shellPath = /bin/sh;
			shellScript = "\"${SRCROOT}/Pods/Target Support Files/Pods/Pods-frameworks.sh\"\n";
			showEnvVarsInLog = 0;
		};
		90F184BF149B0399B6B20378 /* Check Pods Manifest.lock */ = {
			isa = PBXShellScriptBuildPhase;
			buildActionMask = 2147483647;
			files = (
			);
			inputPaths = (
			);
			name = "Check Pods Manifest.lock";
			outputPaths = (
			);
			runOnlyForDeploymentPostprocessing = 0;
			shellPath = /bin/sh;
			shellScript = "diff \"${PODS_ROOT}/../Podfile.lock\" \"${PODS_ROOT}/Manifest.lock\" > /dev/null\nif [[ $? != 0 ]] ; then\n    cat << EOM\nerror: The sandbox is not in sync with the Podfile.lock. Run 'pod install' or update your CocoaPods installation.\nEOM\n    exit 1\nfi\n";
			showEnvVarsInLog = 0;
		};
		A764414C5028E0FD7609249A /* Copy Pods Resources */ = {
			isa = PBXShellScriptBuildPhase;
			buildActionMask = 2147483647;
			files = (
			);
			inputPaths = (
			);
			name = "Copy Pods Resources";
			outputPaths = (
			);
			runOnlyForDeploymentPostprocessing = 0;
			shellPath = /bin/sh;
			shellScript = "\"${SRCROOT}/Pods/Target Support Files/Pods/Pods-resources.sh\"\n";
			showEnvVarsInLog = 0;
		};
/* End PBXShellScriptBuildPhase section */

/* Begin PBXSourcesBuildPhase section */
		6060CF521BD1D12C0094F010 /* Sources */ = {
			isa = PBXSourcesBuildPhase;
			buildActionMask = 2147483647;
			files = (
				60C3B8871BD303110014AC18 /* LoginViewController.swift in Sources */,
				60C3B88D1BD33B1F0014AC18 /* TagDAODelegate.swift in Sources */,
				60C3B89B1BD33D320014AC18 /* TagBL.swift in Sources */,
				60C3B8991BD33D270014AC18 /* PaperBL.swift in Sources */,
				60C3B86F1BD2099C0014AC18 /* PaperModel.swift in Sources */,
				60C3B8971BD33D1C0014AC18 /* UserBL.swift in Sources */,
				6060CF5C1BD1D12C0094F010 /* ViewController.swift in Sources */,
				60C3B8751BD20CA90014AC18 /* LateralDAODelegate.swift in Sources */,
				60C3B8781BD20D850014AC18 /* UserDAO.swift in Sources */,
				60C3B8811BD2BCFF0014AC18 /* const.swift in Sources */,
				60C3B87A1BD20E2B0014AC18 /* PaperDAO.swift in Sources */,
				60C3B8711BD20A9C0014AC18 /* TagModel.swift in Sources */,
				60C3B88B1BD33B0F0014AC18 /* PaperDAODelegate.swift in Sources */,
				60C3B86D1BD206A10014AC18 /* UserModel.swift in Sources */,
				6060CF5A1BD1D12C0094F010 /* AppDelegate.swift in Sources */,
				60C3B8891BD330080014AC18 /* RegisterViewController.swift in Sources */,
				60C3B8731BD20BAE0014AC18 /* ParseDAODelegate.swift in Sources */,
				60C3B88F1BD33B2D0014AC18 /* UserDAODelegate.swift in Sources */,
				60C3B87C1BD20F1A0014AC18 /* TagDAO.swift in Sources */,
			);
			runOnlyForDeploymentPostprocessing = 0;
		};
		6060CF661BD1D12C0094F010 /* Sources */ = {
			isa = PBXSourcesBuildPhase;
			buildActionMask = 2147483647;
			files = (
				6060CF6F1BD1D12C0094F010 /* ArxivRecommenderSystemTests.swift in Sources */,
			);
			runOnlyForDeploymentPostprocessing = 0;
		};
		6060CF711BD1D12C0094F010 /* Sources */ = {
			isa = PBXSourcesBuildPhase;
			buildActionMask = 2147483647;
			files = (
				6060CF7A1BD1D12C0094F010 /* ArxivRecommenderSystemUITests.swift in Sources */,
			);
			runOnlyForDeploymentPostprocessing = 0;
		};
/* End PBXSourcesBuildPhase section */

/* Begin PBXTargetDependency section */
		6060CF6C1BD1D12C0094F010 /* PBXTargetDependency */ = {
			isa = PBXTargetDependency;
			target = 6060CF551BD1D12C0094F010 /* ArxivRecommenderSystem */;
			targetProxy = 6060CF6B1BD1D12C0094F010 /* PBXContainerItemProxy */;
		};
		6060CF771BD1D12C0094F010 /* PBXTargetDependency */ = {
			isa = PBXTargetDependency;
			target = 6060CF551BD1D12C0094F010 /* ArxivRecommenderSystem */;
			targetProxy = 6060CF761BD1D12C0094F010 /* PBXContainerItemProxy */;
		};
/* End PBXTargetDependency section */

/* Begin PBXVariantGroup section */
		6060CF5D1BD1D12C0094F010 /* Main.storyboard */ = {
			isa = PBXVariantGroup;
			children = (
				6060CF5E1BD1D12C0094F010 /* Base */,
			);
			name = Main.storyboard;
			sourceTree = "<group>";
		};
		6060CF621BD1D12C0094F010 /* LaunchScreen.storyboard */ = {
			isa = PBXVariantGroup;
			children = (
				6060CF631BD1D12C0094F010 /* Base */,
			);
			name = LaunchScreen.storyboard;
			sourceTree = "<group>";
		};
/* End PBXVariantGroup section */

/* Begin XCBuildConfiguration section */
		6060CF7C1BD1D12C0094F010 /* Debug */ = {
			isa = XCBuildConfiguration;
			buildSettings = {
				ALWAYS_SEARCH_USER_PATHS = NO;
				CLANG_CXX_LANGUAGE_STANDARD = "gnu++0x";
				CLANG_CXX_LIBRARY = "libc++";
				CLANG_ENABLE_MODULES = YES;
				CLANG_ENABLE_OBJC_ARC = YES;
				CLANG_WARN_BOOL_CONVERSION = YES;
				CLANG_WARN_CONSTANT_CONVERSION = YES;
				CLANG_WARN_DIRECT_OBJC_ISA_USAGE = YES_ERROR;
				CLANG_WARN_EMPTY_BODY = YES;
				CLANG_WARN_ENUM_CONVERSION = YES;
				CLANG_WARN_INT_CONVERSION = YES;
				CLANG_WARN_OBJC_ROOT_CLASS = YES_ERROR;
				CLANG_WARN_UNREACHABLE_CODE = YES;
				CLANG_WARN__DUPLICATE_METHOD_MATCH = YES;
				"CODE_SIGN_IDENTITY[sdk=iphoneos*]" = "iPhone Developer";
				COPY_PHASE_STRIP = NO;
				DEBUG_INFORMATION_FORMAT = dwarf;
				ENABLE_STRICT_OBJC_MSGSEND = YES;
				ENABLE_TESTABILITY = YES;
				GCC_C_LANGUAGE_STANDARD = gnu99;
				GCC_DYNAMIC_NO_PIC = NO;
				GCC_NO_COMMON_BLOCKS = YES;
				GCC_OPTIMIZATION_LEVEL = 0;
				GCC_PREPROCESSOR_DEFINITIONS = (
					"DEBUG=1",
					"$(inherited)",
				);
				GCC_WARN_64_TO_32_BIT_CONVERSION = YES;
				GCC_WARN_ABOUT_RETURN_TYPE = YES_ERROR;
				GCC_WARN_UNDECLARED_SELECTOR = YES;
				GCC_WARN_UNINITIALIZED_AUTOS = YES_AGGRESSIVE;
				GCC_WARN_UNUSED_FUNCTION = YES;
				GCC_WARN_UNUSED_VARIABLE = YES;
				IPHONEOS_DEPLOYMENT_TARGET = 9.0;
				MTL_ENABLE_DEBUG_INFO = YES;
				ONLY_ACTIVE_ARCH = YES;
				SDKROOT = iphoneos;
				SWIFT_OPTIMIZATION_LEVEL = "-Onone";
			};
			name = Debug;
		};
		6060CF7D1BD1D12C0094F010 /* Release */ = {
			isa = XCBuildConfiguration;
			buildSettings = {
				ALWAYS_SEARCH_USER_PATHS = NO;
				CLANG_CXX_LANGUAGE_STANDARD = "gnu++0x";
				CLANG_CXX_LIBRARY = "libc++";
				CLANG_ENABLE_MODULES = YES;
				CLANG_ENABLE_OBJC_ARC = YES;
				CLANG_WARN_BOOL_CONVERSION = YES;
				CLANG_WARN_CONSTANT_CONVERSION = YES;
				CLANG_WARN_DIRECT_OBJC_ISA_USAGE = YES_ERROR;
				CLANG_WARN_EMPTY_BODY = YES;
				CLANG_WARN_ENUM_CONVERSION = YES;
				CLANG_WARN_INT_CONVERSION = YES;
				CLANG_WARN_OBJC_ROOT_CLASS = YES_ERROR;
				CLANG_WARN_UNREACHABLE_CODE = YES;
				CLANG_WARN__DUPLICATE_METHOD_MATCH = YES;
				"CODE_SIGN_IDENTITY[sdk=iphoneos*]" = "iPhone Developer";
				COPY_PHASE_STRIP = NO;
				DEBUG_INFORMATION_FORMAT = "dwarf-with-dsym";
				ENABLE_NS_ASSERTIONS = NO;
				ENABLE_STRICT_OBJC_MSGSEND = YES;
				GCC_C_LANGUAGE_STANDARD = gnu99;
				GCC_NO_COMMON_BLOCKS = YES;
				GCC_WARN_64_TO_32_BIT_CONVERSION = YES;
				GCC_WARN_ABOUT_RETURN_TYPE = YES_ERROR;
				GCC_WARN_UNDECLARED_SELECTOR = YES;
				GCC_WARN_UNINITIALIZED_AUTOS = YES_AGGRESSIVE;
				GCC_WARN_UNUSED_FUNCTION = YES;
				GCC_WARN_UNUSED_VARIABLE = YES;
				IPHONEOS_DEPLOYMENT_TARGET = 9.0;
				MTL_ENABLE_DEBUG_INFO = NO;
				SDKROOT = iphoneos;
				VALIDATE_PRODUCT = YES;
			};
			name = Release;
		};
		6060CF7F1BD1D12C0094F010 /* Debug */ = {
			isa = XCBuildConfiguration;
			baseConfigurationReference = 6D745C9F8EEE93B7F58C1579 /* Pods.debug.xcconfig */;
			buildSettings = {
				ASSETCATALOG_COMPILER_APPICON_NAME = AppIcon;
				FRAMEWORK_SEARCH_PATHS = (
					"$(inherited)",
					"$(PROJECT_DIR)/ArxivRecommenderSystem",
				);
				INFOPLIST_FILE = ArxivRecommenderSystem/Info.plist;
				LD_RUNPATH_SEARCH_PATHS = "$(inherited) @executable_path/Frameworks";
				PRODUCT_BUNDLE_IDENTIFIER = io.mcgrady20150318.www.ArxivRecommenderSystem;
				PRODUCT_NAME = "$(TARGET_NAME)";
			};
			name = Debug;
		};
		6060CF801BD1D12C0094F010 /* Release */ = {
			isa = XCBuildConfiguration;
			baseConfigurationReference = BF7711B9711CE2A1875BFF71 /* Pods.release.xcconfig */;
			buildSettings = {
				ASSETCATALOG_COMPILER_APPICON_NAME = AppIcon;
				FRAMEWORK_SEARCH_PATHS = (
					"$(inherited)",
					"$(PROJECT_DIR)/ArxivRecommenderSystem",
				);
				INFOPLIST_FILE = ArxivRecommenderSystem/Info.plist;
				LD_RUNPATH_SEARCH_PATHS = "$(inherited) @executable_path/Frameworks";
				PRODUCT_BUNDLE_IDENTIFIER = io.mcgrady20150318.www.ArxivRecommenderSystem;
				PRODUCT_NAME = "$(TARGET_NAME)";
			};
			name = Release;
		};
		6060CF821BD1D12C0094F010 /* Debug */ = {
			isa = XCBuildConfiguration;
			buildSettings = {
				BUNDLE_LOADER = "$(TEST_HOST)";
				INFOPLIST_FILE = ArxivRecommenderSystemTests/Info.plist;
				LD_RUNPATH_SEARCH_PATHS = "$(inherited) @executable_path/Frameworks @loader_path/Frameworks";
				PRODUCT_BUNDLE_IDENTIFIER = io.mcgrady20150318.www.ArxivRecommenderSystemTests;
				PRODUCT_NAME = "$(TARGET_NAME)";
				TEST_HOST = "$(BUILT_PRODUCTS_DIR)/ArxivRecommenderSystem.app/ArxivRecommenderSystem";
			};
			name = Debug;
		};
		6060CF831BD1D12C0094F010 /* Release */ = {
			isa = XCBuildConfiguration;
			buildSettings = {
				BUNDLE_LOADER = "$(TEST_HOST)";
				INFOPLIST_FILE = ArxivRecommenderSystemTests/Info.plist;
				LD_RUNPATH_SEARCH_PATHS = "$(inherited) @executable_path/Frameworks @loader_path/Frameworks";
				PRODUCT_BUNDLE_IDENTIFIER = io.mcgrady20150318.www.ArxivRecommenderSystemTests;
				PRODUCT_NAME = "$(TARGET_NAME)";
				TEST_HOST = "$(BUILT_PRODUCTS_DIR)/ArxivRecommenderSystem.app/ArxivRecommenderSystem";
			};
			name = Release;
		};
		6060CF851BD1D12C0094F010 /* Debug */ = {
			isa = XCBuildConfiguration;
			buildSettings = {
				INFOPLIST_FILE = ArxivRecommenderSystemUITests/Info.plist;
				LD_RUNPATH_SEARCH_PATHS = "$(inherited) @executable_path/Frameworks @loader_path/Frameworks";
				PRODUCT_BUNDLE_IDENTIFIER = io.mcgrady20150318.www.ArxivRecommenderSystemUITests;
				PRODUCT_NAME = "$(TARGET_NAME)";
				TEST_TARGET_NAME = ArxivRecommenderSystem;
				USES_XCTRUNNER = YES;
			};
			name = Debug;
		};
		6060CF861BD1D12C0094F010 /* Release */ = {
			isa = XCBuildConfiguration;
			buildSettings = {
				INFOPLIST_FILE = ArxivRecommenderSystemUITests/Info.plist;
				LD_RUNPATH_SEARCH_PATHS = "$(inherited) @executable_path/Frameworks @loader_path/Frameworks";
				PRODUCT_BUNDLE_IDENTIFIER = io.mcgrady20150318.www.ArxivRecommenderSystemUITests;
				PRODUCT_NAME = "$(TARGET_NAME)";
				TEST_TARGET_NAME = ArxivRecommenderSystem;
				USES_XCTRUNNER = YES;
			};
			name = Release;
		};
/* End XCBuildConfiguration section */

/* Begin XCConfigurationList section */
		6060CF511BD1D12C0094F010 /* Build configuration list for PBXProject "ArxivRecommenderSystem" */ = {
			isa = XCConfigurationList;
			buildConfigurations = (
				6060CF7C1BD1D12C0094F010 /* Debug */,
				6060CF7D1BD1D12C0094F010 /* Release */,
			);
			defaultConfigurationIsVisible = 0;
			defaultConfigurationName = Release;
		};
		6060CF7E1BD1D12C0094F010 /* Build configuration list for PBXNativeTarget "ArxivRecommenderSystem" */ = {
			isa = XCConfigurationList;
			buildConfigurations = (
				6060CF7F1BD1D12C0094F010 /* Debug */,
				6060CF801BD1D12C0094F010 /* Release */,
			);
			defaultConfigurationIsVisible = 0;
			defaultConfigurationName = Release;
		};
		6060CF811BD1D12C0094F010 /* Build configuration list for PBXNativeTarget "ArxivRecommenderSystemTests" */ = {
			isa = XCConfigurationList;
			buildConfigurations = (
				6060CF821BD1D12C0094F010 /* Debug */,
				6060CF831BD1D12C0094F010 /* Release */,
			);
			defaultConfigurationIsVisible = 0;
			defaultConfigurationName = Release;
		};
		6060CF841BD1D12C0094F010 /* Build configuration list for PBXNativeTarget "ArxivRecommenderSystemUITests" */ = {
			isa = XCConfigurationList;
			buildConfigurations = (
				6060CF851BD1D12C0094F010 /* Debug */,
				6060CF861BD1D12C0094F010 /* Release */,
			);
			defaultConfigurationIsVisible = 0;
			defaultConfigurationName = Release;
		};
/* End XCConfigurationList section */
	};
	rootObject = 6060CF4E1BD1D12C0094F010 /* Project object */;
}
